
Microsoft Visual Studio Solution File, Format Version 12.00
# Visual Studio Version 17
VisualStudioVersion = 17.0.32802.463
MinimumVisualStudioVersion = 10.0.40219.1
Project("{FAE04EC0-301F-11D3-BF4B-00C04F79EFBC}") = "UnitOfWork", "UnitOfWork\UnitOfWork.csproj", "{F59E65C3-C05B-47F7-9238-E96421C43F63}"
EndProject
Global
	GlobalSection(SolutionConfigurationPlatforms) = preSolution
		Debug|Any CPU = Debug|Any CPU
		Release|Any CPU = Release|Any CPU
	EndGlobalSection
	GlobalSection(ProjectConfigurationPlatforms) = postSolution
		{F59E65C3-C05B-47F7-9238-E96421C43F63}.Debug|Any CPU.ActiveCfg = Debug|Any CPU
		{F59E65C3-C05B-47F7-9238-E96421C43F63}.Debug|Any CPU.Build.0 = Debug|Any CPU
		{F59E65C3-C05B-47F7-9238-E96421C43F63}.Release|Any CPU.ActiveCfg = Release|Any CPU
		{F59E65C3-C05B-47F7-9238-E96421C43F63}.Release|Any CPU.Build.0 = Release|Any CPU
	EndGlobalSection
	GlobalSection(SolutionProperties) = preSolution
		HideSolutionNode = FALSE
	EndGlobalSection
	GlobalSection(ExtensibilityGlobals) = postSolution
		SolutionGuid = {FD62CC7E-ABDA-45CA-B3C5-55AAD3D4791E}
	EndGlobalSection
EndGlobal
