
Microsoft Visual Studio Solution File, Format Version 12.00
# Visual Studio Version 17
VisualStudioVersion = 17.2.32630.192
MinimumVisualStudioVersion = 10.0.40219.1
Project("{FAE04EC0-301F-11D3-BF4B-00C04F79EFBC}") = "JWTAPI", "JWTAPI\JWTAPI.csproj", "{ABF09461-B441-46C0-9369-1FB1EE3411B6}"
EndProject
Global
	GlobalSection(SolutionConfigurationPlatforms) = preSolution
		Debug|Any CPU = Debug|Any CPU
		Release|Any CPU = Release|Any CPU
	EndGlobalSection
	GlobalSection(ProjectConfigurationPlatforms) = postSolution
		{ABF09461-B441-46C0-9369-1FB1EE3411B6}.Debug|Any CPU.ActiveCfg = Debug|Any CPU
		{ABF09461-B441-46C0-9369-1FB1EE3411B6}.Debug|Any CPU.Build.0 = Debug|Any CPU
		{ABF09461-B441-46C0-9369-1FB1EE3411B6}.Release|Any CPU.ActiveCfg = Release|Any CPU
		{ABF09461-B441-46C0-9369-1FB1EE3411B6}.Release|Any CPU.Build.0 = Release|Any CPU
	EndGlobalSection
	GlobalSection(SolutionProperties) = preSolution
		HideSolutionNode = FALSE
	EndGlobalSection
	GlobalSection(ExtensibilityGlobals) = postSolution
		SolutionGuid = {CDB11FAF-AB6F-4BB5-B1EB-78A7B0A0E263}
	EndGlobalSection
EndGlobal
